
Microsoft Visual Studio Solution File, Format Version 12.00
# Visual Studio Version 17
VisualStudioVersion = 17.4.33103.184
MinimumVisualStudioVersion = 10.0.40219.1
Project("{2150E333-8FDC-42A3-9474-1A3956D46DE8}") = "1 - Layers", "1 - Layers", "{8C6CE71C-BCB4-4C9C-83CF-0184097AC2D7}"
EndProject
Project("{2150E333-8FDC-42A3-9474-1A3956D46DE8}") = "1.1 - Presentation", "1.1 - Presentation", "{998723F1-6BEC-4675-ABE1-BE24308C5152}"
EndProject
Project("{FAE04EC0-301F-11D3-BF4B-00C04F79EFBC}") = "Presentation.Server", "Presentation.Server\Presentation.Server.csproj", "{0301BDA1-7D79-4DAE-BA39-7F25BAD8352F}"
EndProject
Project("{2150E333-8FDC-42A3-9474-1A3956D46DE8}") = "1.2  - Application", "1.2  - Application", "{1326292C-5DC0-446F-A4C1-C51EA1CAB2E1}"
EndProject
Project("{FAE04EC0-301F-11D3-BF4B-00C04F79EFBC}") = "Application.DTO", "Application.DTO\Application.DTO.csproj", "{3ECC818B-A6D3-49C3-BE56-69FE567A0380}"
EndProject
Project("{FAE04EC0-301F-11D3-BF4B-00C04F79EFBC}") = "Application.Service", "Application.Service\Application.Service.csproj", "{B1FD7AE2-B1C2-4C32-A861-05931C0FE4E7}"
EndProject
Project("{2150E333-8FDC-42A3-9474-1A3956D46DE8}") = "1.3 - Domain", "1.3 - Domain", "{89730E03-5DDC-47DE-9D6B-A161DF324139}"
EndProject
Project("{FAE04EC0-301F-11D3-BF4B-00C04F79EFBC}") = "Domain.Core", "Domain.Core\Domain.Core.csproj", "{B803B96B-6E15-4258-BCAA-D757EC559C71}"
EndProject
Project("{FAE04EC0-301F-11D3-BF4B-00C04F79EFBC}") = "Domain.Model", "Domain.Model\Domain.Model.csproj", "{65D62126-49E9-4B14-8D21-CB597389F439}"
EndProject
Project("{2150E333-8FDC-42A3-9474-1A3956D46DE8}") = "1.4 - Data", "1.4 - Data", "{1AA906E3-F8EE-49D6-B428-02B5E7A580B1}"
EndProject
Project("{FAE04EC0-301F-11D3-BF4B-00C04F79EFBC}") = "Data.Repository", "Data.Repository\Data.Repository.csproj", "{DBEDFC65-D7F2-4F92-B44A-1963AD6888E9}"
EndProject
Project("{2150E333-8FDC-42A3-9474-1A3956D46DE8}") = "1.5 - Infrastructure", "1.5 - Infrastructure", "{C70D437E-E543-4304-BBF2-ACDA7B97524A}"
EndProject
Project("{FAE04EC0-301F-11D3-BF4B-00C04F79EFBC}") = "Infrastructure.Crosscutting", "Infrastructure.Crosscutting\Infrastructure.Crosscutting.csproj", "{3F33F16B-A0F9-4D3C-A9C0-D18F02168F61}"
EndProject
Global
	GlobalSection(SolutionConfigurationPlatforms) = preSolution
		Debug|Any CPU = Debug|Any CPU
		Release|Any CPU = Release|Any CPU
	EndGlobalSection
	GlobalSection(ProjectConfigurationPlatforms) = postSolution
		{0301BDA1-7D79-4DAE-BA39-7F25BAD8352F}.Debug|Any CPU.ActiveCfg = Debug|Any CPU
		{0301BDA1-7D79-4DAE-BA39-7F25BAD8352F}.Debug|Any CPU.Build.0 = Debug|Any CPU
		{0301BDA1-7D79-4DAE-BA39-7F25BAD8352F}.Release|Any CPU.ActiveCfg = Release|Any CPU
		{0301BDA1-7D79-4DAE-BA39-7F25BAD8352F}.Release|Any CPU.Build.0 = Release|Any CPU
		{3ECC818B-A6D3-49C3-BE56-69FE567A0380}.Debug|Any CPU.ActiveCfg = Debug|Any CPU
		{3ECC818B-A6D3-49C3-BE56-69FE567A0380}.Debug|Any CPU.Build.0 = Debug|Any CPU
		{3ECC818B-A6D3-49C3-BE56-69FE567A0380}.Release|Any CPU.ActiveCfg = Release|Any CPU
		{3ECC818B-A6D3-49C3-BE56-69FE567A0380}.Release|Any CPU.Build.0 = Release|Any CPU
		{B1FD7AE2-B1C2-4C32-A861-05931C0FE4E7}.Debug|Any CPU.ActiveCfg = Debug|Any CPU
		{B1FD7AE2-B1C2-4C32-A861-05931C0FE4E7}.Debug|Any CPU.Build.0 = Debug|Any CPU
		{B1FD7AE2-B1C2-4C32-A861-05931C0FE4E7}.Release|Any CPU.ActiveCfg = Release|Any CPU
		{B1FD7AE2-B1C2-4C32-A861-05931C0FE4E7}.Release|Any CPU.Build.0 = Release|Any CPU
		{B803B96B-6E15-4258-BCAA-D757EC559C71}.Debug|Any CPU.ActiveCfg = Debug|Any CPU
		{B803B96B-6E15-4258-BCAA-D757EC559C71}.Debug|Any CPU.Build.0 = Debug|Any CPU
		{B803B96B-6E15-4258-BCAA-D757EC559C71}.Release|Any CPU.ActiveCfg = Release|Any CPU
		{B803B96B-6E15-4258-BCAA-D757EC559C71}.Release|Any CPU.Build.0 = Release|Any CPU
		{65D62126-49E9-4B14-8D21-CB597389F439}.Debug|Any CPU.ActiveCfg = Debug|Any CPU
		{65D62126-49E9-4B14-8D21-CB597389F439}.Debug|Any CPU.Build.0 = Debug|Any CPU
		{65D62126-49E9-4B14-8D21-CB597389F439}.Release|Any CPU.ActiveCfg = Release|Any CPU
		{65D62126-49E9-4B14-8D21-CB597389F439}.Release|Any CPU.Build.0 = Release|Any CPU
		{DBEDFC65-D7F2-4F92-B44A-1963AD6888E9}.Debug|Any CPU.ActiveCfg = Debug|Any CPU
		{DBEDFC65-D7F2-4F92-B44A-1963AD6888E9}.Debug|Any CPU.Build.0 = Debug|Any CPU
		{DBEDFC65-D7F2-4F92-B44A-1963AD6888E9}.Release|Any CPU.ActiveCfg = Release|Any CPU
		{DBEDFC65-D7F2-4F92-B44A-1963AD6888E9}.Release|Any CPU.Build.0 = Release|Any CPU
		{3F33F16B-A0F9-4D3C-A9C0-D18F02168F61}.Debug|Any CPU.ActiveCfg = Debug|Any CPU
		{3F33F16B-A0F9-4D3C-A9C0-D18F02168F61}.Debug|Any CPU.Build.0 = Debug|Any CPU
		{3F33F16B-A0F9-4D3C-A9C0-D18F02168F61}.Release|Any CPU.ActiveCfg = Release|Any CPU
		{3F33F16B-A0F9-4D3C-A9C0-D18F02168F61}.Release|Any CPU.Build.0 = Release|Any CPU
	EndGlobalSection
	GlobalSection(SolutionProperties) = preSolution
		HideSolutionNode = FALSE
	EndGlobalSection
	GlobalSection(NestedProjects) = preSolution
		{998723F1-6BEC-4675-ABE1-BE24308C5152} = {8C6CE71C-BCB4-4C9C-83CF-0184097AC2D7}
		{0301BDA1-7D79-4DAE-BA39-7F25BAD8352F} = {998723F1-6BEC-4675-ABE1-BE24308C5152}
		{1326292C-5DC0-446F-A4C1-C51EA1CAB2E1} = {8C6CE71C-BCB4-4C9C-83CF-0184097AC2D7}
		{3ECC818B-A6D3-49C3-BE56-69FE567A0380} = {1326292C-5DC0-446F-A4C1-C51EA1CAB2E1}
		{B1FD7AE2-B1C2-4C32-A861-05931C0FE4E7} = {1326292C-5DC0-446F-A4C1-C51EA1CAB2E1}
		{89730E03-5DDC-47DE-9D6B-A161DF324139} = {8C6CE71C-BCB4-4C9C-83CF-0184097AC2D7}
		{B803B96B-6E15-4258-BCAA-D757EC559C71} = {89730E03-5DDC-47DE-9D6B-A161DF324139}
		{65D62126-49E9-4B14-8D21-CB597389F439} = {89730E03-5DDC-47DE-9D6B-A161DF324139}
		{1AA906E3-F8EE-49D6-B428-02B5E7A580B1} = {8C6CE71C-BCB4-4C9C-83CF-0184097AC2D7}
		{DBEDFC65-D7F2-4F92-B44A-1963AD6888E9} = {1AA906E3-F8EE-49D6-B428-02B5E7A580B1}
		{C70D437E-E543-4304-BBF2-ACDA7B97524A} = {8C6CE71C-BCB4-4C9C-83CF-0184097AC2D7}
		{3F33F16B-A0F9-4D3C-A9C0-D18F02168F61} = {C70D437E-E543-4304-BBF2-ACDA7B97524A}
	EndGlobalSection
	GlobalSection(ExtensibilityGlobals) = postSolution
		SolutionGuid = {728301AB-AD34-4F4C-BDCA-F7FD378015BD}
	EndGlobalSection
EndGlobal
